
Microsoft Visual Studio Solution File, Format Version 11.00
# Visual Studio 2010
Project("{FAE04EC0-301F-11D3-BF4B-00C04F79EFBC}") = "OpenTextSampleApp", "OpenTextSampleApp\OpenTextSampleApp.csproj", "{09C77BE3-B964-40AE-B774-53E03B66B888}"
EndProject
Global
	GlobalSection(SolutionConfigurationPlatforms) = preSolution
		Debug|x86 = Debug|x86
		Release|x86 = Release|x86
	EndGlobalSection
	GlobalSection(ProjectConfigurationPlatforms) = postSolution
		{09C77BE3-B964-40AE-B774-53E03B66B888}.Debug|x86.ActiveCfg = Debug|x86
		{09C77BE3-B964-40AE-B774-53E03B66B888}.Debug|x86.Build.0 = Debug|x86
		{09C77BE3-B964-40AE-B774-53E03B66B888}.Release|x86.ActiveCfg = Release|x86
		{09C77BE3-B964-40AE-B774-53E03B66B888}.Release|x86.Build.0 = Release|x86
	EndGlobalSection
	GlobalSection(SolutionProperties) = preSolution
		HideSolutionNode = FALSE
	EndGlobalSection
EndGlobal
